{
  "version": 4,
  "terraform_version": "1.11.3",
  "serial": 17,
  "lineage": "79384316-337f-9182-bd6f-338faf79e31e",
  "outputs": {},
  "resources": [
    {
      "mode": "data",
      "type": "ibm_is_image",
      "name": "ubuntu",
      "provider": "provider[\"registry.terraform.io/ibm-cloud/ibm\"]",
      "instances": [
        {
          "schema_version": 0,
          "attributes": {
            "access_tags": [],
            "architecture": "amd64",
            "catalog_offering": [
              {
                "managed": false,
                "version": []
              }
            ],
            "checksum": "f0aff96f8c341ce58a74ec1c55e9d33d802674b30c2a11a4156067a734695173",
            "created_at": "2025-03-11T12:30:32.000Z",
            "crn": "crn:v1:bluemix:public:is:us-south:a/811f8abfbd32425597dc7ba40da98fa6::image:r006-26f6e364-cd2d-4328-b264-c87163c9fcf7",
            "deprecation_at": null,
            "encryption": "none",
            "encryption_key": null,
            "id": "r006-26f6e364-cd2d-4328-b264-c87163c9fcf7",
            "identifier": null,
            "name": "ibm-ubuntu-24-04-2-minimal-amd64-1",
            "obsolescence_at": null,
            "operating_system": [
              {
                "allow_user_image_creation": true,
                "architecture": "amd64",
                "dedicated_host_only": false,
                "display_name": "Ubuntu Linux 24.04 LTS Noble Numbat Minimal Install (amd64)",
                "family": "Ubuntu Linux",
                "href": "https://us-south.iaas.cloud.ibm.com/v1/operating_systems/ubuntu-24-04-amd64",
                "name": "ubuntu-24-04-amd64",
                "user_data_format": "cloud_init",
                "vendor": "Canonical",
                "version": "24.04 LTS Noble Numbat Minimal Install"
              }
            ],
            "os": "ubuntu-24-04-amd64",
            "resource_group": [
              {
                "href": "https://resource-controller.cloud.ibm.com/v1/resource_groups/5807b5832a8741179b2e06ca2d2b3b96",
                "id": "5807b5832a8741179b2e06ca2d2b3b96",
                "name": "Default"
              }
            ],
            "source_volume": null,
            "status": "available",
            "status_reasons": null,
            "user_data_format": "cloud_init",
            "visibility": "public"
          },
          "sensitive_attributes": []
        }
      ]
    },
    {
      "mode": "managed",
      "type": "ibm_is_instance",
      "name": "example_vpc_instance",
      "provider": "provider[\"registry.terraform.io/ibm-cloud/ibm\"]",
      "instances": [
        {
          "schema_version": 0,
          "attributes": {
            "access_tags": [],
            "action": null,
            "auto_delete_volume": null,
            "availability_policy_host_failure": "restart",
            "bandwidth": 4000,
            "boot_volume": [
              {
                "auto_delete_volume": true,
                "encryption": "",
                "iops": 3000,
                "name": "proclaim-pacemaker-squad-deplored",
                "profile": "general-purpose",
                "size": 100,
                "snapshot": "",
                "snapshot_crn": "",
                "tags": [],
                "volume_id": "r006-3fb02ca9-af7a-400d-a668-f936820af412"
              }
            ],
            "catalog_offering": [],
            "cluster_network": [],
            "cluster_network_attachments": [],
            "confidential_compute_mode": "disabled",
            "crn": "crn:v1:bluemix:public:is:us-south-1:a/785aa7d091014e2baa24e2d147385dd9::instance:0717_6b9f01ee-5a92-417d-a081-684016dad044",
            "dedicated_host": null,
            "dedicated_host_group": null,
            "default_trusted_profile_auto_link": null,
            "default_trusted_profile_target": null,
            "disks": [],
            "enable_secure_boot": false,
            "force_action": false,
            "force_recovery_time": null,
            "gpu": [],
            "health_reasons": [],
            "health_state": "ok",
            "id": "0717_6b9f01ee-5a92-417d-a081-684016dad044",
            "image": "r006-26f6e364-cd2d-4328-b264-c87163c9fcf7",
            "instance_template": null,
            "keys": [
              "r006-b4a88f20-4585-4440-9b05-6891efaefdae"
            ],
            "lifecycle_reasons": [],
            "lifecycle_state": "stable",
            "memory": 8,
            "metadata_service": [
              {
                "enabled": false,
                "protocol": "http",
                "response_hop_limit": 1
              }
            ],
            "metadata_service_enabled": false,
            "name": "example-instance",
            "network_attachments": [],
            "network_interfaces": [],
            "numa_count": 1,
            "placement_group": null,
            "placement_target": [],
            "primary_network_attachment": [],
            "primary_network_interface": [
              {
                "allow_ip_spoofing": false,
                "id": "0717-4ffffd73-6eb9-4c04-85a0-251679e32cf5",
                "name": "mutate-producing-museum-dynastic",
                "port_speed": 3000,
                "primary_ip": [
                  {
                    "address": "10.240.0.4",
                    "auto_delete": true,
                    "href": "https://us-south.iaas.cloud.ibm.com/v1/subnets/0717-0ca3badd-ef1a-4df9-b3f2-b52701b71f88/reserved_ips/0717-64bd0a19-ef25-464d-9fd8-09991cc65624",
                    "name": "valid-lather-pogo-user",
                    "reserved_ip": "0717-64bd0a19-ef25-464d-9fd8-09991cc65624",
                    "resource_type": "subnet_reserved_ip"
                  }
                ],
                "primary_ipv4_address": "10.240.0.4",
                "security_groups": [
                  "r006-7ecde5f4-eb9d-46f7-9a63-0ffe54a01b8e"
                ],
                "subnet": "0717-0ca3badd-ef1a-4df9-b3f2-b52701b71f88"
              }
            ],
            "profile": "bx2-2x8",
            "reservation": [],
            "reservation_affinity": [
              {
                "policy": "automatic",
                "pool": []
              }
            ],
            "resource_controller_url": "https://cloud.ibm.com/vpc-ext/compute/vs",
            "resource_crn": "crn:v1:bluemix:public:is:us-south-1:a/785aa7d091014e2baa24e2d147385dd9::instance:0717_6b9f01ee-5a92-417d-a081-684016dad044",
            "resource_group": "c386c43c3dbb449a826b2940c3f62f98",
            "resource_group_name": "default",
            "resource_name": "example-instance",
            "resource_status": "running",
            "status": "running",
            "status_reasons": [],
            "tags": [],
            "timeouts": null,
            "total_network_bandwidth": 3000,
            "total_volume_bandwidth": 1000,
            "user_data": null,
            "vcpu": [
              {
                "architecture": "amd64",
                "count": 2,
                "manufacturer": "intel"
              }
            ],
            "volume_attachments": [
              {
                "id": "0717-8d68da11-2144-419e-85b6-e8695c25ebf4",
                "name": "dreaming-walrus-turkey-feint",
                "volume_crn": "crn:v1:bluemix:public:is:us-south-1:a/785aa7d091014e2baa24e2d147385dd9::volume:r006-3fb02ca9-af7a-400d-a668-f936820af412",
                "volume_id": "r006-3fb02ca9-af7a-400d-a668-f936820af412",
                "volume_name": "proclaim-pacemaker-squad-deplored"
              }
            ],
            "volume_prototypes": [],
            "volumes": null,
            "vpc": "r006-bd1e28f6-8e3c-4c22-a8eb-54004c48d4b9",
            "wait_before_delete": true,
            "zone": "us-south-1"
          },
          "sensitive_attributes": [],
          "private": "eyJlMmJmYjczMC1lY2FhLTExZTYtOGY4OC0zNDM2M2JjN2M0YzAiOnsiY3JlYXRlIjoxODAwMDAwMDAwMDAwLCJkZWxldGUiOjE4MDAwMDAwMDAwMDAsInVwZGF0ZSI6MTgwMDAwMDAwMDAwMH19",
          "dependencies": [
            "data.ibm_is_image.ubuntu",
            "ibm_is_ssh_key.example_ssh",
            "ibm_is_subnet.example_subnet",
            "ibm_is_vpc.example_vpc",
            "ibm_resource_group.resourceGroup"
          ]
        }
      ]
    },
    {
      "mode": "managed",
      "type": "ibm_is_security_group",
      "name": "example_sg",
      "provider": "provider[\"registry.terraform.io/ibm-cloud/ibm\"]",
      "instances": [
        {
          "schema_version": 0,
          "attributes": {
            "access_tags": [],
            "crn": "crn:v1:bluemix:public:is:us-south:a/785aa7d091014e2baa24e2d147385dd9::security-group:r006-54df6e9e-8a96-45c4-9ed4-0c8473da7154",
            "id": "r006-54df6e9e-8a96-45c4-9ed4-0c8473da7154",
            "name": "example-sg",
            "resource_controller_url": "https://cloud.ibm.com/vpc-ext/network/securityGroups",
            "resource_crn": "crn:v1:bluemix:public:is:us-south:a/785aa7d091014e2baa24e2d147385dd9::security-group:r006-54df6e9e-8a96-45c4-9ed4-0c8473da7154",
            "resource_group": "c4b3390194734c3da0d3b96477e113ef",
            "resource_group_name": "Default",
            "resource_name": "example-sg",
            "rules": [
              {
                "code": 0,
                "direction": "inbound",
                "ip_version": "ipv4",
                "local": "0.0.0.0/0",
                "port_max": 22,
                "port_min": 22,
                "protocol": "tcp",
                "remote": "0.0.0.0/0",
                "type": 0
              }
            ],
            "tags": [],
            "timeouts": null,
            "vpc": "r006-bd1e28f6-8e3c-4c22-a8eb-54004c48d4b9"
          },
          "sensitive_attributes": [],
          "private": "eyJlMmJmYjczMC1lY2FhLTExZTYtOGY4OC0zNDM2M2JjN2M0YzAiOnsiY3JlYXRlIjo2MDAwMDAwMDAwMDAsImRlbGV0ZSI6NjAwMDAwMDAwMDAwfX0=",
          "dependencies": [
            "ibm_is_vpc.example_vpc",
            "ibm_resource_group.resourceGroup"
          ]
        }
      ]
    },
    {
      "mode": "managed",
      "type": "ibm_is_security_group_rule",
      "name": "example_sg_rule",
      "provider": "provider[\"registry.terraform.io/ibm-cloud/ibm\"]",
      "instances": [
        {
          "schema_version": 0,
          "attributes": {
            "direction": "inbound",
            "group": "r006-54df6e9e-8a96-45c4-9ed4-0c8473da7154",
            "icmp": [],
            "id": "r006-54df6e9e-8a96-45c4-9ed4-0c8473da7154.r006-962ce416-3efa-4c92-bd3f-452f81ff98b0",
            "ip_version": "ipv4",
            "local": "0.0.0.0/0",
            "protocol": "tcp",
            "related_crn": "crn:v1:bluemix:public:is:us-south:a/785aa7d091014e2baa24e2d147385dd9::security-group:r006-54df6e9e-8a96-45c4-9ed4-0c8473da7154",
            "remote": "0.0.0.0/0",
            "rule_id": "r006-962ce416-3efa-4c92-bd3f-452f81ff98b0",
            "tcp": [
              {
                "port_max": 22,
                "port_min": 22
              }
            ],
            "udp": []
          },
          "sensitive_attributes": [],
          "private": "bnVsbA==",
          "dependencies": [
            "ibm_is_security_group.example_sg",
            "ibm_is_vpc.example_vpc",
            "ibm_resource_group.resourceGroup"
          ]
        }
      ]
    },
    {
      "mode": "managed",
      "type": "ibm_is_ssh_key",
      "name": "example_ssh",
      "provider": "provider[\"registry.terraform.io/ibm-cloud/ibm\"]",
      "instances": [
        {
          "schema_version": 0,
          "attributes": {
            "access_tags": [],
            "created_at": "2025-04-09T08:38:31.000Z",
            "crn": "crn:v1:bluemix:public:is:us-south:a/785aa7d091014e2baa24e2d147385dd9::key:r006-b4a88f20-4585-4440-9b05-6891efaefdae",
            "fingerprint": "SHA256:JOEyeIUZEipTbrI2vlzXjDXAcPZ0zvFLdcXCSVYL8LI",
            "href": "https://us-south.iaas.cloud.ibm.com/v1/keys/r006-b4a88f20-4585-4440-9b05-6891efaefdae",
            "id": "r006-b4a88f20-4585-4440-9b05-6891efaefdae",
            "length": 4096,
            "name": "example-ssh",
            "public_key": "ssh-rsa AAAAB3NzaC1yc2EAAAADAQABAAACAQDHZVO4ApdyMvfxjtem9M91sWry8rpyC9nqrlnHK+nl+z8K9d4w3TOutmMyFbOSY0MaJSImwrvyXb+sJfcQGCzOElHlNyZ8ZZO51i7SCs51V1EtuSVhHCIHOdOrsRkHF1MTNMCS+os2cW1VpLdbG2wiKGuszXGcnWNPPf/OUsfAUOECNs3Br3MElDAiRN8Ek2s1GknElMme5tcBg6k56HuCzxARWu8cVk1SDI3aiDTr9H/0lqbsvUy8aBL0w1XuBSAqKAvcbBPsdwhh3mItjsZjzNLYlik4werJXjr8SF9wAMZs+zDUe5cEP5fh/Acspkh2V47tddM67/aPGFQ8Sz0v3XjssjXR0oEi8MVIymtqaq/Sq68xmdLT8xwEG5bj/zlxY043BY/5Ao5u8AQmH0RzeU332/OKJdMAbFvZm4qwXPlB3bh8JgqwrQBeyGuzdmfi6MUMUp9lYnlqEmjl8gSijlSAGf1hDxJA3PI5rfwzDs0kDg5wQ9JMGLVIowyOfqAbnYsChPhw7EjMR6mboEjupn/8holgFeWmsUEVbyoNueks6fMt+xb15Tkd/JVRUsZBPZapfPuBQip7iL4Nsfzx5WClgsvKROrStq+fJwvhhIWZpB99AuzxwbjOnWrtlYnoXP5aT0tXWCfxmpWYM36ux301gYld3hNiqmXwaxAXdw==",
            "resource_controller_url": "https://cloud.ibm.com/vpc-ext/compute/sshKeys",
            "resource_crn": "crn:v1:bluemix:public:is:us-south:a/785aa7d091014e2baa24e2d147385dd9::key:r006-b4a88f20-4585-4440-9b05-6891efaefdae",
            "resource_group": "c4b3390194734c3da0d3b96477e113ef",
            "resource_group_name": "Default",
            "resource_name": "example-ssh",
            "tags": [],
            "type": "rsa"
          },
          "sensitive_attributes": [],
          "private": "bnVsbA=="
        }
      ]
    },
    {
      "mode": "managed",
      "type": "ibm_is_subnet",
      "name": "example_subnet",
      "provider": "provider[\"registry.terraform.io/ibm-cloud/ibm\"]",
      "instances": [
        {
          "schema_version": 0,
          "attributes": {
            "access_tags": [],
            "available_ipv4_address_count": 16379,
            "crn": "crn:v1:bluemix:public:is:us-south-1:a/785aa7d091014e2baa24e2d147385dd9::subnet:0717-0ca3badd-ef1a-4df9-b3f2-b52701b71f88",
            "id": "0717-0ca3badd-ef1a-4df9-b3f2-b52701b71f88",
            "ip_version": "ipv4",
            "ipv4_cidr_block": "10.240.0.0/18",
            "name": "example-subnet",
            "network_acl": "r006-a423ba20-ca83-46ad-a5b8-d5d599ab7620",
            "public_gateway": "",
            "resource_controller_url": "https://cloud.ibm.com/vpc-ext/network/subnets",
            "resource_crn": "crn:v1:bluemix:public:is:us-south-1:a/785aa7d091014e2baa24e2d147385dd9::subnet:0717-0ca3badd-ef1a-4df9-b3f2-b52701b71f88",
            "resource_group": "c4b3390194734c3da0d3b96477e113ef",
            "resource_group_name": "Default",
            "resource_name": "example-subnet",
            "resource_status": "available",
            "routing_table": "r006-cbcbb3a1-4343-4f22-bc52-a26bc30d28a5",
            "routing_table_crn": "crn:v1:bluemix:public:is:us-south:a/785aa7d091014e2baa24e2d147385dd9::vpc-routing-table:r006-bd1e28f6-8e3c-4c22-a8eb-54004c48d4b9/r006-cbcbb3a1-4343-4f22-bc52-a26bc30d28a5",
            "status": "available",
            "tags": [],
            "timeouts": null,
            "total_ipv4_address_count": 16384,
            "vpc": "r006-bd1e28f6-8e3c-4c22-a8eb-54004c48d4b9",
            "zone": "us-south-1"
          },
          "sensitive_attributes": [],
          "private": "eyJlMmJmYjczMC1lY2FhLTExZTYtOGY4OC0zNDM2M2JjN2M0YzAiOnsiY3JlYXRlIjo2MDAwMDAwMDAwMDAsImRlbGV0ZSI6NjAwMDAwMDAwMDAwLCJ1cGRhdGUiOjYwMDAwMDAwMDAwMH19",
          "dependencies": [
            "ibm_is_vpc.example_vpc",
            "ibm_resource_group.resourceGroup"
          ]
        }
      ]
    },
    {
      "mode": "managed",
      "type": "ibm_is_vpc",
      "name": "example_vpc",
      "provider": "provider[\"registry.terraform.io/ibm-cloud/ibm\"]",
      "instances": [
        {
          "schema_version": 0,
          "attributes": {
            "access_tags": [],
            "address_prefix_management": "auto",
            "classic_access": false,
            "crn": "crn:v1:bluemix:public:is:us-south:a/785aa7d091014e2baa24e2d147385dd9::vpc:r006-bd1e28f6-8e3c-4c22-a8eb-54004c48d4b9",
            "cse_source_addresses": [
              {
                "address": "10.22.213.41",
                "zone_name": "us-south-1"
              },
              {
                "address": "10.22.223.15",
                "zone_name": "us-south-2"
              },
              {
                "address": "10.119.58.36",
                "zone_name": "us-south-3"
              }
            ],
            "default_address_prefixes": {
              "us-south-1": "10.240.0.0/18",
              "us-south-2": "10.240.64.0/18",
              "us-south-3": "10.240.128.0/18"
            },
            "default_network_acl": "r006-a423ba20-ca83-46ad-a5b8-d5d599ab7620",
            "default_network_acl_crn": "crn:v1:bluemix:public:is:us-south:a/785aa7d091014e2baa24e2d147385dd9::network-acl:r006-a423ba20-ca83-46ad-a5b8-d5d599ab7620",
            "default_network_acl_name": "lance-atrium-arrive-breezy",
            "default_routing_table": "r006-cbcbb3a1-4343-4f22-bc52-a26bc30d28a5",
            "default_routing_table_crn": "crn:v1:bluemix:public:is:us-south:a/785aa7d091014e2baa24e2d147385dd9::vpc-routing-table:r006-bd1e28f6-8e3c-4c22-a8eb-54004c48d4b9/r006-cbcbb3a1-4343-4f22-bc52-a26bc30d28a5",
            "default_routing_table_name": "false-princess-retry-flogging",
            "default_security_group": "r006-7ecde5f4-eb9d-46f7-9a63-0ffe54a01b8e",
            "default_security_group_crn": "crn:v1:bluemix:public:is:us-south:a/785aa7d091014e2baa24e2d147385dd9::security-group:r006-7ecde5f4-eb9d-46f7-9a63-0ffe54a01b8e",
            "default_security_group_name": "jockey-gargle-penpal-sable",
            "dns": [
              {
                "enable_hub": false,
                "resolution_binding_count": 0,
                "resolver": [
                  {
                    "configuration": "default",
                    "dns_binding_id": "",
                    "dns_binding_name": "",
                    "manual_servers": [],
                    "servers": [
                      {
                        "address": "161.26.0.10",
                        "zone_affinity": ""
                      },
                      {
                        "address": "161.26.0.11",
                        "zone_affinity": ""
                      }
                    ],
                    "type": "system",
                    "vpc_crn": "",
                    "vpc_id": "",
                    "vpc_name": "",
                    "vpc_remote_account_id": "",
                    "vpc_remote_region": ""
                  }
                ]
              }
            ],
            "health_reasons": [],
            "health_state": "ok",
            "id": "r006-bd1e28f6-8e3c-4c22-a8eb-54004c48d4b9",
            "name": "example-vpc",
            "no_sg_acl_rules": false,
            "resource_controller_url": "https://cloud.ibm.com/vpc-ext/network/vpcs",
            "resource_crn": "crn:v1:bluemix:public:is:us-south:a/785aa7d091014e2baa24e2d147385dd9::vpc:r006-bd1e28f6-8e3c-4c22-a8eb-54004c48d4b9",
            "resource_group": "c386c43c3dbb449a826b2940c3f62f98",
            "resource_group_name": "default",
            "resource_name": "example-vpc",
            "resource_status": "available",
            "security_group": [
              {
                "group_id": "r006-54df6e9e-8a96-45c4-9ed4-0c8473da7154",
                "group_name": "example-sg",
                "rules": [
                  {
                    "code": 0,
                    "direction": "inbound",
                    "ip_version": "ipv4",
                    "port_max": 22,
                    "port_min": 22,
                    "protocol": "tcp",
                    "remote": "0.0.0.0/0",
                    "rule_id": "r006-962ce416-3efa-4c92-bd3f-452f81ff98b0",
                    "type": 0
                  }
                ]
              },
              {
                "group_id": "r006-7ecde5f4-eb9d-46f7-9a63-0ffe54a01b8e",
                "group_name": "jockey-gargle-penpal-sable",
                "rules": [
                  {
                    "code": 0,
                    "direction": "outbound",
                    "ip_version": "ipv4",
                    "port_max": 0,
                    "port_min": 0,
                    "protocol": "all",
                    "remote": "0.0.0.0/0",
                    "rule_id": "r006-522fa277-2255-4b75-b5e9-5adbfb1e2938",
                    "type": 0
                  },
                  {
                    "code": 0,
                    "direction": "inbound",
                    "ip_version": "ipv4",
                    "port_max": 0,
                    "port_min": 0,
                    "protocol": "all",
                    "remote": "r006-7ecde5f4-eb9d-46f7-9a63-0ffe54a01b8e",
                    "rule_id": "r006-f8597326-49d3-437d-83f9-503260951510",
                    "type": 0
                  }
                ]
              }
            ],
            "status": "available",
            "subnets": [
              {
                "available_ipv4_address_count": 16379,
                "id": "0717-0ca3badd-ef1a-4df9-b3f2-b52701b71f88",
                "name": "example-subnet",
                "status": "available",
                "total_ipv4_address_count": 16384,
                "zone": "us-south-1"
              }
            ],
            "tags": [],
            "timeouts": null
          },
          "sensitive_attributes": [],
          "private": "eyJlMmJmYjczMC1lY2FhLTExZTYtOGY4OC0zNDM2M2JjN2M0YzAiOnsiY3JlYXRlIjo2MDAwMDAwMDAwMDAsImRlbGV0ZSI6NjAwMDAwMDAwMDAwfX0=",
          "dependencies": [
            "ibm_resource_group.resourceGroup"
          ]
        }
      ]
    },
    {
      "mode": "managed",
      "type": "ibm_resource_group",
      "name": "resourceGroup",
      "provider": "provider[\"registry.terraform.io/ibm-cloud/ibm\"]",
      "instances": [
        {
          "schema_version": 0,
          "attributes": {
            "created_at": "2025-04-09T08:15:41.293Z",
            "crn": "crn:v1:bluemix:public:resource-controller::a/785aa7d091014e2baa24e2d147385dd9::resource-group:c386c43c3dbb449a826b2940c3f62f98",
            "default": false,
            "id": "c386c43c3dbb449a826b2940c3f62f98",
            "name": "default",
            "payment_methods_url": null,
            "quota_id": "a3d7b8d01e261c24677937c29ab33f3c",
            "quota_url": "/v2/quota_definitions/a3d7b8d01e261c24677937c29ab33f3c",
            "resource_linkages": [],
            "state": "ACTIVE",
            "tags": null,
            "teams_url": null,
            "timeouts": null,
            "updated_at": "2025-04-09T08:15:41.293Z"
          },
          "sensitive_attributes": [],
          "private": "eyJlMmJmYjczMC1lY2FhLTExZTYtOGY4OC0zNDM2M2JjN2M0YzAiOnsiZGVsZXRlIjoxMjAwMDAwMDAwMDAwfX0="
        }
      ]
    }
  ],
  "check_results": null
}
